
Microsoft Visual Studio Solution File, Format Version 12.00
# Visual Studio Version 16
VisualStudioVersion = 16.0.30523.141
MinimumVisualStudioVersion = 15.0.26124.0
Project("{9A19103F-16F7-4668-BE54-9A1E7A4F7556}") = "Producer", "Producer\Producer.csproj", "{0791F6E4-E3D7-49E9-BAB8-8A986D20CDFD}"
EndProject
Project("{FAE04EC0-301F-11D3-BF4B-00C04F79EFBC}") = "Consumer", "Consumer\Consumer.csproj", "{88A97364-2BEF-4CCA-B32B-28B662CE25E7}"
EndProject
Global
	GlobalSection(SolutionConfigurationPlatforms) = preSolution
		Debug|Any CPU = Debug|Any CPU
		Debug|x64 = Debug|x64
		Debug|x86 = Debug|x86
		Release|Any CPU = Release|Any CPU
		Release|x64 = Release|x64
		Release|x86 = Release|x86
	EndGlobalSection
	GlobalSection(ProjectConfigurationPlatforms) = postSolution
		{0791F6E4-E3D7-49E9-BAB8-8A986D20CDFD}.Debug|Any CPU.ActiveCfg = Debug|Any CPU
		{0791F6E4-E3D7-49E9-BAB8-8A986D20CDFD}.Debug|Any CPU.Build.0 = Debug|Any CPU
		{0791F6E4-E3D7-49E9-BAB8-8A986D20CDFD}.Debug|x64.ActiveCfg = Debug|Any CPU
		{0791F6E4-E3D7-49E9-BAB8-8A986D20CDFD}.Debug|x64.Build.0 = Debug|Any CPU
		{0791F6E4-E3D7-49E9-BAB8-8A986D20CDFD}.Debug|x86.ActiveCfg = Debug|Any CPU
		{0791F6E4-E3D7-49E9-BAB8-8A986D20CDFD}.Debug|x86.Build.0 = Debug|Any CPU
		{0791F6E4-E3D7-49E9-BAB8-8A986D20CDFD}.Release|Any CPU.ActiveCfg = Release|Any CPU
		{0791F6E4-E3D7-49E9-BAB8-8A986D20CDFD}.Release|Any CPU.Build.0 = Release|Any CPU
		{0791F6E4-E3D7-49E9-BAB8-8A986D20CDFD}.Release|x64.ActiveCfg = Release|Any CPU
		{0791F6E4-E3D7-49E9-BAB8-8A986D20CDFD}.Release|x64.Build.0 = Release|Any CPU
		{0791F6E4-E3D7-49E9-BAB8-8A986D20CDFD}.Release|x86.ActiveCfg = Release|Any CPU
		{0791F6E4-E3D7-49E9-BAB8-8A986D20CDFD}.Release|x86.Build.0 = Release|Any CPU
		{88A97364-2BEF-4CCA-B32B-28B662CE25E7}.Debug|Any CPU.ActiveCfg = Debug|Any CPU
		{88A97364-2BEF-4CCA-B32B-28B662CE25E7}.Debug|Any CPU.Build.0 = Debug|Any CPU
		{88A97364-2BEF-4CCA-B32B-28B662CE25E7}.Debug|x64.ActiveCfg = Debug|Any CPU
		{88A97364-2BEF-4CCA-B32B-28B662CE25E7}.Debug|x64.Build.0 = Debug|Any CPU
		{88A97364-2BEF-4CCA-B32B-28B662CE25E7}.Debug|x86.ActiveCfg = Debug|Any CPU
		{88A97364-2BEF-4CCA-B32B-28B662CE25E7}.Debug|x86.Build.0 = Debug|Any CPU
		{88A97364-2BEF-4CCA-B32B-28B662CE25E7}.Release|Any CPU.ActiveCfg = Release|Any CPU
		{88A97364-2BEF-4CCA-B32B-28B662CE25E7}.Release|Any CPU.Build.0 = Release|Any CPU
		{88A97364-2BEF-4CCA-B32B-28B662CE25E7}.Release|x64.ActiveCfg = Release|Any CPU
		{88A97364-2BEF-4CCA-B32B-28B662CE25E7}.Release|x64.Build.0 = Release|Any CPU
		{88A97364-2BEF-4CCA-B32B-28B662CE25E7}.Release|x86.ActiveCfg = Release|Any CPU
		{88A97364-2BEF-4CCA-B32B-28B662CE25E7}.Release|x86.Build.0 = Release|Any CPU
	EndGlobalSection
	GlobalSection(SolutionProperties) = preSolution
		HideSolutionNode = FALSE
	EndGlobalSection
	GlobalSection(ExtensibilityGlobals) = postSolution
		SolutionGuid = {7069387D-6256-4C1E-BAA4-1DF7B0C0C050}
	EndGlobalSection
EndGlobal
