
Microsoft Visual Studio Solution File, Format Version 12.00
# Visual Studio Version 16
VisualStudioVersion = 16.0.30523.141
MinimumVisualStudioVersion = 10.0.40219.1
Project("{2150E333-8FDC-42A3-9474-1A3956D46DE8}") = "Microservices", "Microservices", "{D1EE20B6-6A5D-43BB-AB21-9231B2182057}"
EndProject
Project("{2150E333-8FDC-42A3-9474-1A3956D46DE8}") = "Domain", "Domain", "{3A5D26BE-7508-4301-B79C-4671BD0CC23E}"
EndProject
Project("{2150E333-8FDC-42A3-9474-1A3956D46DE8}") = "Infra.Bus", "Infra.Bus", "{26FE6811-CFCD-4AB8-9248-2C54053B0D1A}"
EndProject
Project("{2150E333-8FDC-42A3-9474-1A3956D46DE8}") = "Infra.IoC", "Infra.IoC", "{2DD95F2E-DF4A-405C-B3E3-0E0990E044DF}"
EndProject
Project("{2150E333-8FDC-42A3-9474-1A3956D46DE8}") = "Presentation", "Presentation", "{892E4B2F-58D5-47BF-814F-803907BE2DF5}"
EndProject
Project("{9A19103F-16F7-4668-BE54-9A1E7A4F7556}") = "MicroRabbit.Domain.Core", "MicroRabbit.Domain.Core\MicroRabbit.Domain.Core.csproj", "{37191D35-F5CA-4DA8-B030-71C3CCFA451C}"
EndProject
Project("{9A19103F-16F7-4668-BE54-9A1E7A4F7556}") = "MicroRabbit.Infra.Bus", "MicroRabbit.Infra.Bus\MicroRabbit.Infra.Bus.csproj", "{98F6F6B3-50ED-48EF-8BA6-F51A7984F9B1}"
EndProject
Project("{9A19103F-16F7-4668-BE54-9A1E7A4F7556}") = "MicroRabbit.Infra.IoC", "MicroRabbit.Infra.IoC\MicroRabbit.Infra.IoC.csproj", "{54D1A455-3286-489F-B380-3DE4078933F0}"
EndProject
Project("{2150E333-8FDC-42A3-9474-1A3956D46DE8}") = "Banking", "Banking", "{3A24676C-AE3E-459C-A47E-8B58E6813965}"
EndProject
Project("{2150E333-8FDC-42A3-9474-1A3956D46DE8}") = "Data", "Data", "{C70399ED-14D7-460A-8095-FC8CA06DF97D}"
EndProject
Project("{2150E333-8FDC-42A3-9474-1A3956D46DE8}") = "Domain", "Domain", "{50F43321-F99A-4DB3-AB1C-45C90162C782}"
EndProject
Project("{2150E333-8FDC-42A3-9474-1A3956D46DE8}") = "Api", "Api", "{5DF706A2-711C-42A7-AE10-94099E65184B}"
EndProject
Project("{2150E333-8FDC-42A3-9474-1A3956D46DE8}") = "Application", "Application", "{2B6125FA-0C6D-4FEF-8CD9-EA21A77F16E2}"
EndProject
Project("{9A19103F-16F7-4668-BE54-9A1E7A4F7556}") = "MicroRabbit.Banking.Api", "MicroRabbit.Banking.Api\MicroRabbit.Banking.Api.csproj", "{65708D9D-B288-43B7-87B7-097A7317809B}"
EndProject
Project("{9A19103F-16F7-4668-BE54-9A1E7A4F7556}") = "MicroRabbit.Banking.Application", "MicroRabbit.Banking.Application\MicroRabbit.Banking.Application.csproj", "{A5B6DE8B-FC3A-4A48-B8C1-C146A66B6FF6}"
EndProject
Project("{9A19103F-16F7-4668-BE54-9A1E7A4F7556}") = "MicroRabbit.Banking.Data", "MicroRabbit.Banking.Data\MicroRabbit.Banking.Data.csproj", "{22E3612F-A8F9-4450-98E5-08A8F66373A7}"
EndProject
Project("{9A19103F-16F7-4668-BE54-9A1E7A4F7556}") = "MicroRabbit.Banking.Domain", "MicroRabbit.Banking.Domain\MicroRabbit.Banking.Domain.csproj", "{81FB663B-B41F-4E8F-B6E5-E2B7904A9FC1}"
EndProject
Project("{2150E333-8FDC-42A3-9474-1A3956D46DE8}") = "Transfer", "Transfer", "{744A7586-EC49-461D-9600-36F2B18050AE}"
EndProject
Project("{2150E333-8FDC-42A3-9474-1A3956D46DE8}") = "Api", "Api", "{3F877324-8A88-4412-87A0-B0F0E903D666}"
EndProject
Project("{2150E333-8FDC-42A3-9474-1A3956D46DE8}") = "Application", "Application", "{FE54792D-ADB5-4429-BDEE-73BAC006AB1D}"
EndProject
Project("{2150E333-8FDC-42A3-9474-1A3956D46DE8}") = "Data", "Data", "{27B7F7B9-50C5-4D16-95E2-6013827FE2CA}"
EndProject
Project("{2150E333-8FDC-42A3-9474-1A3956D46DE8}") = "Domain", "Domain", "{6A5BC794-DA4F-47FC-AD8C-4F7E8780D2B8}"
EndProject
Project("{FAE04EC0-301F-11D3-BF4B-00C04F79EFBC}") = "MicroRabbit.Transfer.Api", "MicroRabbit.Transfer.Api\MicroRabbit.Transfer.Api.csproj", "{1E08E2C5-B99F-4EBE-9D56-31F2BAE1C133}"
EndProject
Project("{FAE04EC0-301F-11D3-BF4B-00C04F79EFBC}") = "MicroRabbit.Transfer.Application", "MicroRabbit.Transfer.Application\MicroRabbit.Transfer.Application.csproj", "{A63AED5D-0AFD-4BA4-A997-0410A571D973}"
EndProject
Project("{FAE04EC0-301F-11D3-BF4B-00C04F79EFBC}") = "MicroRabbit.Transfer.Data", "MicroRabbit.Transfer.Data\MicroRabbit.Transfer.Data.csproj", "{8F185CDB-7D1D-434A-B610-22D203B825FA}"
EndProject
Project("{FAE04EC0-301F-11D3-BF4B-00C04F79EFBC}") = "MicroRabbit.Transfer.Domain", "MicroRabbit.Transfer.Domain\MicroRabbit.Transfer.Domain.csproj", "{21962240-1A38-4CE6-9CAD-F6C7E879F971}"
EndProject
Global
	GlobalSection(SolutionConfigurationPlatforms) = preSolution
		Debug|Any CPU = Debug|Any CPU
		Release|Any CPU = Release|Any CPU
	EndGlobalSection
	GlobalSection(ProjectConfigurationPlatforms) = postSolution
		{37191D35-F5CA-4DA8-B030-71C3CCFA451C}.Debug|Any CPU.ActiveCfg = Debug|Any CPU
		{37191D35-F5CA-4DA8-B030-71C3CCFA451C}.Debug|Any CPU.Build.0 = Debug|Any CPU
		{37191D35-F5CA-4DA8-B030-71C3CCFA451C}.Release|Any CPU.ActiveCfg = Release|Any CPU
		{37191D35-F5CA-4DA8-B030-71C3CCFA451C}.Release|Any CPU.Build.0 = Release|Any CPU
		{98F6F6B3-50ED-48EF-8BA6-F51A7984F9B1}.Debug|Any CPU.ActiveCfg = Debug|Any CPU
		{98F6F6B3-50ED-48EF-8BA6-F51A7984F9B1}.Debug|Any CPU.Build.0 = Debug|Any CPU
		{98F6F6B3-50ED-48EF-8BA6-F51A7984F9B1}.Release|Any CPU.ActiveCfg = Release|Any CPU
		{98F6F6B3-50ED-48EF-8BA6-F51A7984F9B1}.Release|Any CPU.Build.0 = Release|Any CPU
		{54D1A455-3286-489F-B380-3DE4078933F0}.Debug|Any CPU.ActiveCfg = Debug|Any CPU
		{54D1A455-3286-489F-B380-3DE4078933F0}.Debug|Any CPU.Build.0 = Debug|Any CPU
		{54D1A455-3286-489F-B380-3DE4078933F0}.Release|Any CPU.ActiveCfg = Release|Any CPU
		{54D1A455-3286-489F-B380-3DE4078933F0}.Release|Any CPU.Build.0 = Release|Any CPU
		{65708D9D-B288-43B7-87B7-097A7317809B}.Debug|Any CPU.ActiveCfg = Debug|Any CPU
		{65708D9D-B288-43B7-87B7-097A7317809B}.Debug|Any CPU.Build.0 = Debug|Any CPU
		{65708D9D-B288-43B7-87B7-097A7317809B}.Release|Any CPU.ActiveCfg = Release|Any CPU
		{65708D9D-B288-43B7-87B7-097A7317809B}.Release|Any CPU.Build.0 = Release|Any CPU
		{A5B6DE8B-FC3A-4A48-B8C1-C146A66B6FF6}.Debug|Any CPU.ActiveCfg = Debug|Any CPU
		{A5B6DE8B-FC3A-4A48-B8C1-C146A66B6FF6}.Debug|Any CPU.Build.0 = Debug|Any CPU
		{A5B6DE8B-FC3A-4A48-B8C1-C146A66B6FF6}.Release|Any CPU.ActiveCfg = Release|Any CPU
		{A5B6DE8B-FC3A-4A48-B8C1-C146A66B6FF6}.Release|Any CPU.Build.0 = Release|Any CPU
		{22E3612F-A8F9-4450-98E5-08A8F66373A7}.Debug|Any CPU.ActiveCfg = Debug|Any CPU
		{22E3612F-A8F9-4450-98E5-08A8F66373A7}.Debug|Any CPU.Build.0 = Debug|Any CPU
		{22E3612F-A8F9-4450-98E5-08A8F66373A7}.Release|Any CPU.ActiveCfg = Release|Any CPU
		{22E3612F-A8F9-4450-98E5-08A8F66373A7}.Release|Any CPU.Build.0 = Release|Any CPU
		{81FB663B-B41F-4E8F-B6E5-E2B7904A9FC1}.Debug|Any CPU.ActiveCfg = Debug|Any CPU
		{81FB663B-B41F-4E8F-B6E5-E2B7904A9FC1}.Debug|Any CPU.Build.0 = Debug|Any CPU
		{81FB663B-B41F-4E8F-B6E5-E2B7904A9FC1}.Release|Any CPU.ActiveCfg = Release|Any CPU
		{81FB663B-B41F-4E8F-B6E5-E2B7904A9FC1}.Release|Any CPU.Build.0 = Release|Any CPU
		{1E08E2C5-B99F-4EBE-9D56-31F2BAE1C133}.Debug|Any CPU.ActiveCfg = Debug|Any CPU
		{1E08E2C5-B99F-4EBE-9D56-31F2BAE1C133}.Debug|Any CPU.Build.0 = Debug|Any CPU
		{1E08E2C5-B99F-4EBE-9D56-31F2BAE1C133}.Release|Any CPU.ActiveCfg = Release|Any CPU
		{1E08E2C5-B99F-4EBE-9D56-31F2BAE1C133}.Release|Any CPU.Build.0 = Release|Any CPU
		{A63AED5D-0AFD-4BA4-A997-0410A571D973}.Debug|Any CPU.ActiveCfg = Debug|Any CPU
		{A63AED5D-0AFD-4BA4-A997-0410A571D973}.Debug|Any CPU.Build.0 = Debug|Any CPU
		{A63AED5D-0AFD-4BA4-A997-0410A571D973}.Release|Any CPU.ActiveCfg = Release|Any CPU
		{A63AED5D-0AFD-4BA4-A997-0410A571D973}.Release|Any CPU.Build.0 = Release|Any CPU
		{8F185CDB-7D1D-434A-B610-22D203B825FA}.Debug|Any CPU.ActiveCfg = Debug|Any CPU
		{8F185CDB-7D1D-434A-B610-22D203B825FA}.Debug|Any CPU.Build.0 = Debug|Any CPU
		{8F185CDB-7D1D-434A-B610-22D203B825FA}.Release|Any CPU.ActiveCfg = Release|Any CPU
		{8F185CDB-7D1D-434A-B610-22D203B825FA}.Release|Any CPU.Build.0 = Release|Any CPU
		{21962240-1A38-4CE6-9CAD-F6C7E879F971}.Debug|Any CPU.ActiveCfg = Debug|Any CPU
		{21962240-1A38-4CE6-9CAD-F6C7E879F971}.Debug|Any CPU.Build.0 = Debug|Any CPU
		{21962240-1A38-4CE6-9CAD-F6C7E879F971}.Release|Any CPU.ActiveCfg = Release|Any CPU
		{21962240-1A38-4CE6-9CAD-F6C7E879F971}.Release|Any CPU.Build.0 = Release|Any CPU
	EndGlobalSection
	GlobalSection(SolutionProperties) = preSolution
		HideSolutionNode = FALSE
	EndGlobalSection
	GlobalSection(NestedProjects) = preSolution
		{37191D35-F5CA-4DA8-B030-71C3CCFA451C} = {3A5D26BE-7508-4301-B79C-4671BD0CC23E}
		{98F6F6B3-50ED-48EF-8BA6-F51A7984F9B1} = {26FE6811-CFCD-4AB8-9248-2C54053B0D1A}
		{54D1A455-3286-489F-B380-3DE4078933F0} = {2DD95F2E-DF4A-405C-B3E3-0E0990E044DF}
		{3A24676C-AE3E-459C-A47E-8B58E6813965} = {D1EE20B6-6A5D-43BB-AB21-9231B2182057}
		{C70399ED-14D7-460A-8095-FC8CA06DF97D} = {3A24676C-AE3E-459C-A47E-8B58E6813965}
		{50F43321-F99A-4DB3-AB1C-45C90162C782} = {3A24676C-AE3E-459C-A47E-8B58E6813965}
		{5DF706A2-711C-42A7-AE10-94099E65184B} = {3A24676C-AE3E-459C-A47E-8B58E6813965}
		{2B6125FA-0C6D-4FEF-8CD9-EA21A77F16E2} = {3A24676C-AE3E-459C-A47E-8B58E6813965}
		{65708D9D-B288-43B7-87B7-097A7317809B} = {5DF706A2-711C-42A7-AE10-94099E65184B}
		{A5B6DE8B-FC3A-4A48-B8C1-C146A66B6FF6} = {2B6125FA-0C6D-4FEF-8CD9-EA21A77F16E2}
		{22E3612F-A8F9-4450-98E5-08A8F66373A7} = {C70399ED-14D7-460A-8095-FC8CA06DF97D}
		{81FB663B-B41F-4E8F-B6E5-E2B7904A9FC1} = {50F43321-F99A-4DB3-AB1C-45C90162C782}
		{744A7586-EC49-461D-9600-36F2B18050AE} = {D1EE20B6-6A5D-43BB-AB21-9231B2182057}
		{3F877324-8A88-4412-87A0-B0F0E903D666} = {744A7586-EC49-461D-9600-36F2B18050AE}
		{FE54792D-ADB5-4429-BDEE-73BAC006AB1D} = {744A7586-EC49-461D-9600-36F2B18050AE}
		{27B7F7B9-50C5-4D16-95E2-6013827FE2CA} = {744A7586-EC49-461D-9600-36F2B18050AE}
		{6A5BC794-DA4F-47FC-AD8C-4F7E8780D2B8} = {744A7586-EC49-461D-9600-36F2B18050AE}
		{1E08E2C5-B99F-4EBE-9D56-31F2BAE1C133} = {3F877324-8A88-4412-87A0-B0F0E903D666}
		{A63AED5D-0AFD-4BA4-A997-0410A571D973} = {FE54792D-ADB5-4429-BDEE-73BAC006AB1D}
		{8F185CDB-7D1D-434A-B610-22D203B825FA} = {27B7F7B9-50C5-4D16-95E2-6013827FE2CA}
		{21962240-1A38-4CE6-9CAD-F6C7E879F971} = {6A5BC794-DA4F-47FC-AD8C-4F7E8780D2B8}
	EndGlobalSection
	GlobalSection(ExtensibilityGlobals) = postSolution
		SolutionGuid = {83F9DAC8-D273-4AB6-8ACC-D4631E7986D9}
	EndGlobalSection
EndGlobal
